
Microsoft Visual Studio Solution File, Format Version 12.00
# Visual Studio Version 17
VisualStudioVersion = 17.8.34316.72
MinimumVisualStudioVersion = 10.0.40219.1
Project("{FAE04EC0-301F-11D3-BF4B-00C04F79EFBC}") = "LMU.VA.Ewing.Room117", "LMU.VA.Ewing.Room117.csproj", "{688DA283-FC45-49AF-A4F2-24CAF39F1C39}"
EndProject
Global
	GlobalSection(SolutionConfigurationPlatforms) = preSolution
		Debug|Any CPU = Debug|Any CPU
		Release|Any CPU = Release|Any CPU
	EndGlobalSection
	GlobalSection(ProjectConfigurationPlatforms) = postSolution
		{688DA283-FC45-49AF-A4F2-24CAF39F1C39}.Debug|Any CPU.ActiveCfg = Debug|Any CPU
		{688DA283-FC45-49AF-A4F2-24CAF39F1C39}.Debug|Any CPU.Build.0 = Debug|Any CPU
		{688DA283-FC45-49AF-A4F2-24CAF39F1C39}.Release|Any CPU.ActiveCfg = Release|Any CPU
		{688DA283-FC45-49AF-A4F2-24CAF39F1C39}.Release|Any CPU.Build.0 = Release|Any CPU
	EndGlobalSection
	GlobalSection(SolutionProperties) = preSolution
		HideSolutionNode = FALSE
	EndGlobalSection
	GlobalSection(ExtensibilityGlobals) = postSolution
		SolutionGuid = {822B6176-32CB-47C6-BC5B-B14FCE5A74AA}
	EndGlobalSection
EndGlobal
